
Microsoft Visual Studio Solution File, Format Version 12.00
# Visual Studio Version 17
VisualStudioVersion = 17.9.34714.143
MinimumVisualStudioVersion = 10.0.40219.1
Project("{FAE04EC0-301F-11D3-BF4B-00C04F79EFBC}") = "CleanArchitectureScrim.API", "CleanArchitectureScrim.API\CleanArchitectureScrim.API.csproj", "{5E8FFC48-37BD-4376-B35A-129BE65DF963}"
EndProject
Project("{FAE04EC0-301F-11D3-BF4B-00C04F79EFBC}") = "CleanArchitectureScrim.Domain", "CleanArchitectureScrim.Domain\CleanArchitectureScrim.Domain.csproj", "{B85CF8B4-E35E-41F9-99E5-42DF08B834C1}"
EndProject
Project("{FAE04EC0-301F-11D3-BF4B-00C04F79EFBC}") = "CleanArchitectureScrim.Infrastructure", "CleanArchitectureScrim.Infrastructure\CleanArchitectureScrim.Infrastructure.csproj", "{B7A2A5B1-BD03-4061-89B3-0A0A8953918F}"
EndProject
Project("{FAE04EC0-301F-11D3-BF4B-00C04F79EFBC}") = "CleanArchitectureScrim.Application", "CleanArchitectureScrim.Application\CleanArchitectureScrim.Application.csproj", "{B0AAD5BC-9036-45B5-8EE5-D5554BC4F47A}"
EndProject
Global
	GlobalSection(SolutionConfigurationPlatforms) = preSolution
		Debug|Any CPU = Debug|Any CPU
		Release|Any CPU = Release|Any CPU
	EndGlobalSection
	GlobalSection(ProjectConfigurationPlatforms) = postSolution
		{5E8FFC48-37BD-4376-B35A-129BE65DF963}.Debug|Any CPU.ActiveCfg = Debug|Any CPU
		{5E8FFC48-37BD-4376-B35A-129BE65DF963}.Debug|Any CPU.Build.0 = Debug|Any CPU
		{5E8FFC48-37BD-4376-B35A-129BE65DF963}.Release|Any CPU.ActiveCfg = Release|Any CPU
		{5E8FFC48-37BD-4376-B35A-129BE65DF963}.Release|Any CPU.Build.0 = Release|Any CPU
		{B85CF8B4-E35E-41F9-99E5-42DF08B834C1}.Debug|Any CPU.ActiveCfg = Debug|Any CPU
		{B85CF8B4-E35E-41F9-99E5-42DF08B834C1}.Debug|Any CPU.Build.0 = Debug|Any CPU
		{B85CF8B4-E35E-41F9-99E5-42DF08B834C1}.Release|Any CPU.ActiveCfg = Release|Any CPU
		{B85CF8B4-E35E-41F9-99E5-42DF08B834C1}.Release|Any CPU.Build.0 = Release|Any CPU
		{B7A2A5B1-BD03-4061-89B3-0A0A8953918F}.Debug|Any CPU.ActiveCfg = Debug|Any CPU
		{B7A2A5B1-BD03-4061-89B3-0A0A8953918F}.Debug|Any CPU.Build.0 = Debug|Any CPU
		{B7A2A5B1-BD03-4061-89B3-0A0A8953918F}.Release|Any CPU.ActiveCfg = Release|Any CPU
		{B7A2A5B1-BD03-4061-89B3-0A0A8953918F}.Release|Any CPU.Build.0 = Release|Any CPU
		{B0AAD5BC-9036-45B5-8EE5-D5554BC4F47A}.Debug|Any CPU.ActiveCfg = Debug|Any CPU
		{B0AAD5BC-9036-45B5-8EE5-D5554BC4F47A}.Debug|Any CPU.Build.0 = Debug|Any CPU
		{B0AAD5BC-9036-45B5-8EE5-D5554BC4F47A}.Release|Any CPU.ActiveCfg = Release|Any CPU
		{B0AAD5BC-9036-45B5-8EE5-D5554BC4F47A}.Release|Any CPU.Build.0 = Release|Any CPU
	EndGlobalSection
	GlobalSection(SolutionProperties) = preSolution
		HideSolutionNode = FALSE
	EndGlobalSection
	GlobalSection(ExtensibilityGlobals) = postSolution
		SolutionGuid = {34192226-18AF-45DB-B0B8-658BDA126682}
	EndGlobalSection
EndGlobal
